
Microsoft Visual Studio Solution File, Format Version 12.00
# Visual Studio Version 17
VisualStudioVersion = 17.0.31903.59
MinimumVisualStudioVersion = 10.0.40219.1
Project("{FAE04EC0-301F-11D3-BF4B-00C04F79EFBC}") = "CounterClient", "CounterClient\CounterClient.csproj", "{3150E258-46CF-47A4-91DD-09CD2DFFFEBB}"
EndProject
Project("{FAE04EC0-301F-11D3-BF4B-00C04F79EFBC}") = "WriteToFileClient", "WriteToFileClient\WriteToFileClient.csproj", "{C8C2D90F-C779-40AC-AE23-35558729CB59}"
EndProject
Project("{FAE04EC0-301F-11D3-BF4B-00C04F79EFBC}") = "MessageProducer", "MessageProducer\MessageProducer.csproj", "{5373F894-CD25-415D-98BC-68B7E71E7D38}"
EndProject
Global
	GlobalSection(SolutionConfigurationPlatforms) = preSolution
		Debug|Any CPU = Debug|Any CPU
		Release|Any CPU = Release|Any CPU
	EndGlobalSection
	GlobalSection(SolutionProperties) = preSolution
		HideSolutionNode = FALSE
	EndGlobalSection
	GlobalSection(ProjectConfigurationPlatforms) = postSolution
		{3150E258-46CF-47A4-91DD-09CD2DFFFEBB}.Debug|Any CPU.ActiveCfg = Debug|Any CPU
		{3150E258-46CF-47A4-91DD-09CD2DFFFEBB}.Debug|Any CPU.Build.0 = Debug|Any CPU
		{3150E258-46CF-47A4-91DD-09CD2DFFFEBB}.Release|Any CPU.ActiveCfg = Release|Any CPU
		{3150E258-46CF-47A4-91DD-09CD2DFFFEBB}.Release|Any CPU.Build.0 = Release|Any CPU
		{C8C2D90F-C779-40AC-AE23-35558729CB59}.Debug|Any CPU.ActiveCfg = Debug|Any CPU
		{C8C2D90F-C779-40AC-AE23-35558729CB59}.Debug|Any CPU.Build.0 = Debug|Any CPU
		{C8C2D90F-C779-40AC-AE23-35558729CB59}.Release|Any CPU.ActiveCfg = Release|Any CPU
		{C8C2D90F-C779-40AC-AE23-35558729CB59}.Release|Any CPU.Build.0 = Release|Any CPU
		{5373F894-CD25-415D-98BC-68B7E71E7D38}.Debug|Any CPU.ActiveCfg = Debug|Any CPU
		{5373F894-CD25-415D-98BC-68B7E71E7D38}.Debug|Any CPU.Build.0 = Debug|Any CPU
		{5373F894-CD25-415D-98BC-68B7E71E7D38}.Release|Any CPU.ActiveCfg = Release|Any CPU
		{5373F894-CD25-415D-98BC-68B7E71E7D38}.Release|Any CPU.Build.0 = Release|Any CPU
	EndGlobalSection
EndGlobal
