
Microsoft Visual Studio Solution File, Format Version 12.00
# Visual Studio Version 17
VisualStudioVersion = 17.0.31903.59
MinimumVisualStudioVersion = 10.0.40219.1
Project("{FAE04EC0-301F-11D3-BF4B-00C04F79EFBC}") = "MessageProducer", "MessageProducer.csproj", "{3D6BDED4-468F-4945-83EF-B785B1165508}"
EndProject
Project("{FAE04EC0-301F-11D3-BF4B-00C04F79EFBC}") = "BrokerLib", "..\BrokerLib\BrokerLib.csproj", "{73FA3FDD-120B-44BD-9331-C4CC69FC68E9}"
EndProject
Global
	GlobalSection(SolutionConfigurationPlatforms) = preSolution
		Debug|Any CPU = Debug|Any CPU
		Release|Any CPU = Release|Any CPU
	EndGlobalSection
	GlobalSection(SolutionProperties) = preSolution
		HideSolutionNode = FALSE
	EndGlobalSection
	GlobalSection(ProjectConfigurationPlatforms) = postSolution
		{3D6BDED4-468F-4945-83EF-B785B1165508}.Debug|Any CPU.ActiveCfg = Debug|Any CPU
		{3D6BDED4-468F-4945-83EF-B785B1165508}.Debug|Any CPU.Build.0 = Debug|Any CPU
		{3D6BDED4-468F-4945-83EF-B785B1165508}.Release|Any CPU.ActiveCfg = Release|Any CPU
		{3D6BDED4-468F-4945-83EF-B785B1165508}.Release|Any CPU.Build.0 = Release|Any CPU
		{73FA3FDD-120B-44BD-9331-C4CC69FC68E9}.Debug|Any CPU.ActiveCfg = Debug|Any CPU
		{73FA3FDD-120B-44BD-9331-C4CC69FC68E9}.Debug|Any CPU.Build.0 = Debug|Any CPU
		{73FA3FDD-120B-44BD-9331-C4CC69FC68E9}.Release|Any CPU.ActiveCfg = Release|Any CPU
		{73FA3FDD-120B-44BD-9331-C4CC69FC68E9}.Release|Any CPU.Build.0 = Release|Any CPU
	EndGlobalSection
EndGlobal
